{
  "name": "countrywars",
  "version": "1.0.0",
  "lockfileVersion": 3,
  "requires": true,
  "packages": {
    "": {
      "name": "countrywars",
      "version": "1.0.0",
      "license": "ISC",
      "dependencies": {
        "@minecraft/server": "^2.5.0-beta.1.21.130-stable",
        "@minecraft/server-ui": "^2.1.0-beta.1.21.130-stable",
        "uuid": "^13.0.0",
        "ws": "^8.19.0"
      }
    },
    "node_modules/@minecraft/common": {
      "version": "1.2.0",
      "resolved": "https://registry.npmjs.org/@minecraft/common/-/common-1.2.0.tgz",
      "integrity": "sha512-JdmEq4P3Z/FtoBzhLijFgMSVFnFRrUoLwY8DHHrgtFo0mfLTOLTB1RErYjLMsA6b7BGVNxkX/pfFRiH7QZ0XwQ==",
      "license": "MIT",
      "peer": true
    },
    "node_modules/@minecraft/server": {
      "version": "2.5.0-beta.1.21.130-stable",
      "resolved": "https://registry.npmjs.org/@minecraft/server/-/server-2.5.0-beta.1.21.130-stable.tgz",
      "integrity": "sha512-ljSc6OcVifiUaasy/GmFr+ydYZxAuYLi/9TSzGq9uDBPytvNpoTiUEOt/HgtDPFLtLt+eeq0zf8/PmhlhNqeGQ==",
      "license": "MIT",
      "peer": true,
      "peerDependencies": {
        "@minecraft/common": "^1.2.0",
        "@minecraft/vanilla-data": ">=1.20.70"
      }
    },
    "node_modules/@minecraft/server-ui": {
      "version": "2.1.0-beta.1.21.130-stable",
      "resolved": "https://registry.npmjs.org/@minecraft/server-ui/-/server-ui-2.1.0-beta.1.21.130-stable.tgz",
      "integrity": "sha512-XMT5DLhHthjkj82uHHRq4XRJy6IWs1XwhLATLZ2ynNtPBgQp6srB3xudfOrYHUP1bO+uqvmAQAIApUqO05uEDg==",
      "license": "MIT",
      "peerDependencies": {
        "@minecraft/common": "^1.0.0",
        "@minecraft/server": "^2.0.0 || ^2.5.0-beta.1.21.130-stable"
      }
    },
    "node_modules/@minecraft/vanilla-data": {
      "version": "1.21.131",
      "resolved": "https://registry.npmjs.org/@minecraft/vanilla-data/-/vanilla-data-1.21.131.tgz",
      "integrity": "sha512-Ptw6t5mgyOODFmZxpZRRawjfhgcniGNf7kZqxV98RTAJi61tZ6wEMcI9muiWXw5yrNstYcTxJmqVjx1RaZKkxg==",
      "license": "MIT",
      "peer": true
    },
    "node_modules/uuid": {
      "version": "13.0.0",
      "resolved": "https://registry.npmjs.org/uuid/-/uuid-13.0.0.tgz",
      "integrity": "sha512-XQegIaBTVUjSHliKqcnFqYypAd4S+WCYt5NIeRs6w/UAry7z8Y9j5ZwRRL4kzq9U3sD6v+85er9FvkEaBpji2w==",
      "funding": [
        "https://github.com/sponsors/broofa",
        "https://github.com/sponsors/ctavan"
      ],
      "license": "MIT",
      "bin": {
        "uuid": "dist-node/bin/uuid"
      }
    },
    "node_modules/ws": {
      "version": "8.19.0",
      "resolved": "https://registry.npmjs.org/ws/-/ws-8.19.0.tgz",
      "integrity": "sha512-blAT2mjOEIi0ZzruJfIhb3nps74PRWTCz1IjglWEEpQl5XS/UNama6u2/rjFkDDouqr4L67ry+1aGIALViWjDg==",
      "license": "MIT",
      "engines": {
        "node": ">=10.0.0"
      },
      "peerDependencies": {
        "bufferutil": "^4.0.1",
        "utf-8-validate": ">=5.0.2"
      },
      "peerDependenciesMeta": {
        "bufferutil": {
          "optional": true
        },
        "utf-8-validate": {
          "optional": true
        }
      }
    }
  }
}
